
Microsoft Visual Studio Solution File, Format Version 12.00
# Visual Studio 15
VisualStudioVersion = 15.0.27130.2027
MinimumVisualStudioVersion = 10.0.40219.1
Project("{FAE04EC0-301F-11D3-BF4B-00C04F79EFBC}") = "Lab_2a", "Lab_2a\Lab_2a.csproj", "{54FA10D6-5BF2-4432-8463-BDBFF0B0B422}"
EndProject
Global
	GlobalSection(SolutionConfigurationPlatforms) = preSolution
		Debug|Any CPU = Debug|Any CPU
		Release|Any CPU = Release|Any CPU
	EndGlobalSection
	GlobalSection(ProjectConfigurationPlatforms) = postSolution
		{54FA10D6-5BF2-4432-8463-BDBFF0B0B422}.Debug|Any CPU.ActiveCfg = Debug|Any CPU
		{54FA10D6-5BF2-4432-8463-BDBFF0B0B422}.Debug|Any CPU.Build.0 = Debug|Any CPU
		{54FA10D6-5BF2-4432-8463-BDBFF0B0B422}.Release|Any CPU.ActiveCfg = Release|Any CPU
		{54FA10D6-5BF2-4432-8463-BDBFF0B0B422}.Release|Any CPU.Build.0 = Release|Any CPU
	EndGlobalSection
	GlobalSection(SolutionProperties) = preSolution
		HideSolutionNode = FALSE
	EndGlobalSection
	GlobalSection(ExtensibilityGlobals) = postSolution
		SolutionGuid = {F8411BD1-4E55-4BA4-B8F7-F3BFD24F45D9}
	EndGlobalSection
EndGlobal
