
Microsoft Visual Studio Solution File, Format Version 12.00
# Visual Studio 15
VisualStudioVersion = 15.0.27130.2027
MinimumVisualStudioVersion = 10.0.40219.1
Project("{FAE04EC0-301F-11D3-BF4B-00C04F79EFBC}") = "Lab_3e", "Lab_3e\Lab_3e.csproj", "{C26E82E0-E643-48E6-AF9B-B638997FA19C}"
EndProject
Global
	GlobalSection(SolutionConfigurationPlatforms) = preSolution
		Debug|Any CPU = Debug|Any CPU
		Release|Any CPU = Release|Any CPU
	EndGlobalSection
	GlobalSection(ProjectConfigurationPlatforms) = postSolution
		{C26E82E0-E643-48E6-AF9B-B638997FA19C}.Debug|Any CPU.ActiveCfg = Debug|Any CPU
		{C26E82E0-E643-48E6-AF9B-B638997FA19C}.Debug|Any CPU.Build.0 = Debug|Any CPU
		{C26E82E0-E643-48E6-AF9B-B638997FA19C}.Release|Any CPU.ActiveCfg = Release|Any CPU
		{C26E82E0-E643-48E6-AF9B-B638997FA19C}.Release|Any CPU.Build.0 = Release|Any CPU
	EndGlobalSection
	GlobalSection(SolutionProperties) = preSolution
		HideSolutionNode = FALSE
	EndGlobalSection
	GlobalSection(ExtensibilityGlobals) = postSolution
		SolutionGuid = {6B74F065-B640-4A88-9F1F-9F3A08A83548}
	EndGlobalSection
EndGlobal
