
Microsoft Visual Studio Solution File, Format Version 12.00
# Visual Studio 15
VisualStudioVersion = 15.0.27130.2027
MinimumVisualStudioVersion = 10.0.40219.1
Project("{FAE04EC0-301F-11D3-BF4B-00C04F79EFBC}") = "Lab_1", "Lab_1\Lab_1.csproj", "{D3E81080-A126-47FB-8FB9-0E1E6B732C66}"
EndProject
Global
	GlobalSection(SolutionConfigurationPlatforms) = preSolution
		Debug|Any CPU = Debug|Any CPU
		Release|Any CPU = Release|Any CPU
	EndGlobalSection
	GlobalSection(ProjectConfigurationPlatforms) = postSolution
		{D3E81080-A126-47FB-8FB9-0E1E6B732C66}.Debug|Any CPU.ActiveCfg = Debug|Any CPU
		{D3E81080-A126-47FB-8FB9-0E1E6B732C66}.Debug|Any CPU.Build.0 = Debug|Any CPU
		{D3E81080-A126-47FB-8FB9-0E1E6B732C66}.Release|Any CPU.ActiveCfg = Release|Any CPU
		{D3E81080-A126-47FB-8FB9-0E1E6B732C66}.Release|Any CPU.Build.0 = Release|Any CPU
	EndGlobalSection
	GlobalSection(SolutionProperties) = preSolution
		HideSolutionNode = FALSE
	EndGlobalSection
	GlobalSection(ExtensibilityGlobals) = postSolution
		SolutionGuid = {84A99405-0998-4FF1-85F5-5D9CDF6A4D6A}
	EndGlobalSection
EndGlobal
