
Microsoft Visual Studio Solution File, Format Version 12.00
# Visual Studio 15
VisualStudioVersion = 15.0.27130.2027
MinimumVisualStudioVersion = 10.0.40219.1
Project("{FAE04EC0-301F-11D3-BF4B-00C04F79EFBC}") = "Lab_3b", "Lab_3b\Lab_3b.csproj", "{AF11CDC2-2F32-4F58-A636-1C29FB4A6442}"
EndProject
Global
	GlobalSection(SolutionConfigurationPlatforms) = preSolution
		Debug|Any CPU = Debug|Any CPU
		Release|Any CPU = Release|Any CPU
	EndGlobalSection
	GlobalSection(ProjectConfigurationPlatforms) = postSolution
		{AF11CDC2-2F32-4F58-A636-1C29FB4A6442}.Debug|Any CPU.ActiveCfg = Debug|Any CPU
		{AF11CDC2-2F32-4F58-A636-1C29FB4A6442}.Debug|Any CPU.Build.0 = Debug|Any CPU
		{AF11CDC2-2F32-4F58-A636-1C29FB4A6442}.Release|Any CPU.ActiveCfg = Release|Any CPU
		{AF11CDC2-2F32-4F58-A636-1C29FB4A6442}.Release|Any CPU.Build.0 = Release|Any CPU
	EndGlobalSection
	GlobalSection(SolutionProperties) = preSolution
		HideSolutionNode = FALSE
	EndGlobalSection
	GlobalSection(ExtensibilityGlobals) = postSolution
		SolutionGuid = {91F850D2-405E-4886-BB25-002270C5FBC5}
	EndGlobalSection
EndGlobal
