
Microsoft Visual Studio Solution File, Format Version 12.00
# Visual Studio 15
VisualStudioVersion = 15.0.27130.2027
MinimumVisualStudioVersion = 10.0.40219.1
Project("{FAE04EC0-301F-11D3-BF4B-00C04F79EFBC}") = "Lab_4", "Lab_4\Lab_4.csproj", "{E4661EC7-13B9-4D34-8D0B-B497110D4BEA}"
EndProject
Global
	GlobalSection(SolutionConfigurationPlatforms) = preSolution
		Debug|Any CPU = Debug|Any CPU
		Release|Any CPU = Release|Any CPU
	EndGlobalSection
	GlobalSection(ProjectConfigurationPlatforms) = postSolution
		{E4661EC7-13B9-4D34-8D0B-B497110D4BEA}.Debug|Any CPU.ActiveCfg = Debug|Any CPU
		{E4661EC7-13B9-4D34-8D0B-B497110D4BEA}.Debug|Any CPU.Build.0 = Debug|Any CPU
		{E4661EC7-13B9-4D34-8D0B-B497110D4BEA}.Release|Any CPU.ActiveCfg = Release|Any CPU
		{E4661EC7-13B9-4D34-8D0B-B497110D4BEA}.Release|Any CPU.Build.0 = Release|Any CPU
	EndGlobalSection
	GlobalSection(SolutionProperties) = preSolution
		HideSolutionNode = FALSE
	EndGlobalSection
	GlobalSection(ExtensibilityGlobals) = postSolution
		SolutionGuid = {E5AC4321-6A39-4C60-B68F-CF10CAC2E096}
	EndGlobalSection
EndGlobal
